
Microsoft Visual Studio Solution File, Format Version 12.00
# Visual Studio Version 16
VisualStudioVersion = 16.0.30804.86
MinimumVisualStudioVersion = 10.0.40219.1
Project("{FAE04EC0-301F-11D3-BF4B-00C04F79EFBC}") = "EntityCodeFirst", "EntityCodeFirst\EntityCodeFirst.csproj", "{FC55C9A5-9416-4C10-981F-AF4062FD3BF8}"
EndProject
Global
	GlobalSection(SolutionConfigurationPlatforms) = preSolution
		Debug|Any CPU = Debug|Any CPU
		Release|Any CPU = Release|Any CPU
	EndGlobalSection
	GlobalSection(ProjectConfigurationPlatforms) = postSolution
		{FC55C9A5-9416-4C10-981F-AF4062FD3BF8}.Debug|Any CPU.ActiveCfg = Debug|Any CPU
		{FC55C9A5-9416-4C10-981F-AF4062FD3BF8}.Debug|Any CPU.Build.0 = Debug|Any CPU
		{FC55C9A5-9416-4C10-981F-AF4062FD3BF8}.Release|Any CPU.ActiveCfg = Release|Any CPU
		{FC55C9A5-9416-4C10-981F-AF4062FD3BF8}.Release|Any CPU.Build.0 = Release|Any CPU
	EndGlobalSection
	GlobalSection(SolutionProperties) = preSolution
		HideSolutionNode = FALSE
	EndGlobalSection
	GlobalSection(ExtensibilityGlobals) = postSolution
		SolutionGuid = {2B21B26D-538C-48D1-905C-06A6220A6E31}
	EndGlobalSection
EndGlobal
