
Microsoft Visual Studio Solution File, Format Version 12.00
# Visual Studio Version 16
VisualStudioVersion = 16.0.30804.86
MinimumVisualStudioVersion = 10.0.40219.1
Project("{FAE04EC0-301F-11D3-BF4B-00C04F79EFBC}") = "SihirbazKullanım", "SihirbazKullanım\SihirbazKullanım.csproj", "{E4263F75-453F-4824-97D6-43F73EBA69F5}"
EndProject
Global
	GlobalSection(SolutionConfigurationPlatforms) = preSolution
		Debug|Any CPU = Debug|Any CPU
		Release|Any CPU = Release|Any CPU
	EndGlobalSection
	GlobalSection(ProjectConfigurationPlatforms) = postSolution
		{E4263F75-453F-4824-97D6-43F73EBA69F5}.Debug|Any CPU.ActiveCfg = Debug|Any CPU
		{E4263F75-453F-4824-97D6-43F73EBA69F5}.Debug|Any CPU.Build.0 = Debug|Any CPU
		{E4263F75-453F-4824-97D6-43F73EBA69F5}.Release|Any CPU.ActiveCfg = Release|Any CPU
		{E4263F75-453F-4824-97D6-43F73EBA69F5}.Release|Any CPU.Build.0 = Release|Any CPU
	EndGlobalSection
	GlobalSection(SolutionProperties) = preSolution
		HideSolutionNode = FALSE
	EndGlobalSection
	GlobalSection(ExtensibilityGlobals) = postSolution
		SolutionGuid = {C1BE18DB-77E5-433B-9254-5D6A2BAC3245}
	EndGlobalSection
EndGlobal
