
Microsoft Visual Studio Solution File, Format Version 12.00
# Visual Studio Version 16
VisualStudioVersion = 16.0.30621.155
MinimumVisualStudioVersion = 10.0.40219.1
Project("{FAE04EC0-301F-11D3-BF4B-00C04F79EFBC}") = "Proje-1", "Proje-1\Proje-1.csproj", "{8A60C377-051F-4FAD-8DD8-02B91F28D3A5}"
EndProject
Global
	GlobalSection(SolutionConfigurationPlatforms) = preSolution
		Debug|Any CPU = Debug|Any CPU
		Release|Any CPU = Release|Any CPU
	EndGlobalSection
	GlobalSection(ProjectConfigurationPlatforms) = postSolution
		{8A60C377-051F-4FAD-8DD8-02B91F28D3A5}.Debug|Any CPU.ActiveCfg = Debug|Any CPU
		{8A60C377-051F-4FAD-8DD8-02B91F28D3A5}.Debug|Any CPU.Build.0 = Debug|Any CPU
		{8A60C377-051F-4FAD-8DD8-02B91F28D3A5}.Release|Any CPU.ActiveCfg = Release|Any CPU
		{8A60C377-051F-4FAD-8DD8-02B91F28D3A5}.Release|Any CPU.Build.0 = Release|Any CPU
	EndGlobalSection
	GlobalSection(SolutionProperties) = preSolution
		HideSolutionNode = FALSE
	EndGlobalSection
	GlobalSection(ExtensibilityGlobals) = postSolution
		SolutionGuid = {1BD956BD-1F0D-4470-BF9D-A745C1D3EB9D}
	EndGlobalSection
EndGlobal
